
Microsoft Visual Studio Solution File, Format Version 12.00
# Visual Studio Version 16
VisualStudioVersion = 25.0.1700.5
MinimumVisualStudioVersion = 10.0.40219.1
Project("{FAE04EC0-301F-11D3-BF4B-00C04F79EFBC}") = "API", "API\API.csproj", "{5D72247A-964A-4122-94B0-2C0B29B5E963}"
EndProject
Project("{FAE04EC0-301F-11D3-BF4B-00C04F79EFBC}") = "Security", "Security\Security.csproj", "{1658201B-1B67-4C4A-97A0-27E680E9B61D}"
EndProject
Global
	GlobalSection(SolutionConfigurationPlatforms) = preSolution
		Debug|Any CPU = Debug|Any CPU
		Release|Any CPU = Release|Any CPU
	EndGlobalSection
	GlobalSection(ProjectConfigurationPlatforms) = postSolution
		{5D72247A-964A-4122-94B0-2C0B29B5E963}.Debug|Any CPU.ActiveCfg = Debug|Any CPU
		{5D72247A-964A-4122-94B0-2C0B29B5E963}.Debug|Any CPU.Build.0 = Debug|Any CPU
		{5D72247A-964A-4122-94B0-2C0B29B5E963}.Release|Any CPU.ActiveCfg = Release|Any CPU
		{5D72247A-964A-4122-94B0-2C0B29B5E963}.Release|Any CPU.Build.0 = Release|Any CPU
		{1658201B-1B67-4C4A-97A0-27E680E9B61D}.Debug|Any CPU.ActiveCfg = Debug|Any CPU
		{1658201B-1B67-4C4A-97A0-27E680E9B61D}.Debug|Any CPU.Build.0 = Debug|Any CPU
		{1658201B-1B67-4C4A-97A0-27E680E9B61D}.Release|Any CPU.ActiveCfg = Release|Any CPU
		{1658201B-1B67-4C4A-97A0-27E680E9B61D}.Release|Any CPU.Build.0 = Release|Any CPU
	EndGlobalSection
	GlobalSection(SolutionProperties) = preSolution
		HideSolutionNode = FALSE
	EndGlobalSection
	GlobalSection(ExtensibilityGlobals) = postSolution
		SolutionGuid = {E238288C-BC2C-4C7C-B583-4BC13883E9CF}
	EndGlobalSection
EndGlobal
